{
  "name": "seja-um-franqueado-v2",
  "lockfileVersion": 3,
  "requires": true,
  "packages": {
    "": {
      "dependencies": {
        "@glidejs/glide": "^3.7.1",
        "@splidejs/splide": "^4.1.4",
        "animate.css": "^4.1.1",
        "animejs": "^4.0.1",
        "motion": "^12.7.4",
        "simple-parallax-js": "^6.1.1"
      }
    },
    "node_modules/@glidejs/glide": {
      "version": "3.7.1",
      "resolved": "https://registry.npmjs.org/@glidejs/glide/-/glide-3.7.1.tgz",
      "integrity": "sha512-8he0pZpLSqTesSFYiuWdhBmtdlYSPWxfPUCKtkkiX6ZmT8UdMdmoFPtJaOwLBXv4p2JiGxqbuPdiRGGo2e/htQ==",
      "license": "MIT"
    },
    "node_modules/@splidejs/splide": {
      "version": "4.1.4",
      "resolved": "https://registry.npmjs.org/@splidejs/splide/-/splide-4.1.4.tgz",
      "integrity": "sha512-5I30evTJcAJQXt6vJ26g2xEkG+l1nXcpEw4xpKh0/FWQ8ozmAeTbtniVtVmz2sH1Es3vgfC4SS8B2X4o5JMptA==",
      "license": "MIT"
    },
    "node_modules/animate.css": {
      "version": "4.1.1",
      "resolved": "https://registry.npmjs.org/animate.css/-/animate.css-4.1.1.tgz",
      "integrity": "sha512-+mRmCTv6SbCmtYJCN4faJMNFVNN5EuCTTprDTAo7YzIGji2KADmakjVA3+8mVDkZ2Bf09vayB35lSQIex2+QaQ==",
      "license": "MIT"
    },
    "node_modules/animejs": {
      "version": "4.0.1",
      "resolved": "https://registry.npmjs.org/animejs/-/animejs-4.0.1.tgz",
      "integrity": "sha512-QbNbOrToapaZ7ebNuQpRgOhEGeyg/r8+bOUKbaaDNI/64XyjDrguVWW6Xgnt8PX+HHs0aAi34WpetczSbRZ3dQ==",
      "license": "MIT"
    },
    "node_modules/framer-motion": {
      "version": "12.7.4",
      "resolved": "https://registry.npmjs.org/framer-motion/-/framer-motion-12.7.4.tgz",
      "integrity": "sha512-jX0bPsTmU0oPZTYz/dVyD0dmOyEOEJvdn0TaZBE5I8g2GvVnnQnW9f65cJnoVfUkY3WZWNXGXnPbVA9YnaIfVA==",
      "license": "MIT",
      "dependencies": {
        "motion-dom": "^12.7.4",
        "motion-utils": "^12.7.2",
        "tslib": "^2.4.0"
      },
      "peerDependencies": {
        "@emotion/is-prop-valid": "*",
        "react": "^18.0.0 || ^19.0.0",
        "react-dom": "^18.0.0 || ^19.0.0"
      },
      "peerDependenciesMeta": {
        "@emotion/is-prop-valid": {
          "optional": true
        },
        "react": {
          "optional": true
        },
        "react-dom": {
          "optional": true
        }
      }
    },
    "node_modules/motion": {
      "version": "12.7.4",
      "resolved": "https://registry.npmjs.org/motion/-/motion-12.7.4.tgz",
      "integrity": "sha512-MBGrMbYageHw4iZJn+pGTr7abq5n53jCxYkhFC1It3vYukQPRWg5zij46MnwYGpLR8KG465MLHSASXot9edYOw==",
      "license": "MIT",
      "dependencies": {
        "framer-motion": "^12.7.4",
        "tslib": "^2.4.0"
      },
      "peerDependencies": {
        "@emotion/is-prop-valid": "*",
        "react": "^18.0.0 || ^19.0.0",
        "react-dom": "^18.0.0 || ^19.0.0"
      },
      "peerDependenciesMeta": {
        "@emotion/is-prop-valid": {
          "optional": true
        },
        "react": {
          "optional": true
        },
        "react-dom": {
          "optional": true
        }
      }
    },
    "node_modules/motion-dom": {
      "version": "12.7.4",
      "resolved": "https://registry.npmjs.org/motion-dom/-/motion-dom-12.7.4.tgz",
      "integrity": "sha512-1ZUHAoSUMMxP6jPqyxlk9XUfb6NxMsnWPnH2YGhrOhTURLcXWbETi6eemoKb60Pe32NVJYduL4B62VQSO5Jq8Q==",
      "license": "MIT",
      "dependencies": {
        "motion-utils": "^12.7.2"
      }
    },
    "node_modules/motion-utils": {
      "version": "12.7.2",
      "resolved": "https://registry.npmjs.org/motion-utils/-/motion-utils-12.7.2.tgz",
      "integrity": "sha512-XhZwqctxyJs89oX00zn3OGCuIIpVevbTa+u82usWBC6pSHUd2AoNWiYa7Du8tJxJy9TFbZ82pcn5t7NOm1PHAw==",
      "license": "MIT"
    },
    "node_modules/react": {
      "version": "19.1.0",
      "resolved": "https://registry.npmjs.org/react/-/react-19.1.0.tgz",
      "integrity": "sha512-FS+XFBNvn3GTAWq26joslQgWNoFu08F4kl0J4CgdNKADkdSGXQyTCnKteIAJy96Br6YbpEU1LSzV5dYtjMkMDg==",
      "license": "MIT",
      "peer": true,
      "engines": {
        "node": ">=0.10.0"
      }
    },
    "node_modules/react-dom": {
      "version": "19.1.0",
      "resolved": "https://registry.npmjs.org/react-dom/-/react-dom-19.1.0.tgz",
      "integrity": "sha512-Xs1hdnE+DyKgeHJeJznQmYMIBG3TKIHJJT95Q58nHLSrElKlGQqDTR2HQ9fx5CN/Gk6Vh/kupBTDLU11/nDk/g==",
      "license": "MIT",
      "peer": true,
      "dependencies": {
        "scheduler": "^0.26.0"
      },
      "peerDependencies": {
        "react": "^19.1.0"
      }
    },
    "node_modules/scheduler": {
      "version": "0.26.0",
      "resolved": "https://registry.npmjs.org/scheduler/-/scheduler-0.26.0.tgz",
      "integrity": "sha512-NlHwttCI/l5gCPR3D1nNXtWABUmBwvZpEQiD4IXSbIDq8BzLIK/7Ir5gTFSGZDUu37K5cMNp0hFtzO38sC7gWA==",
      "license": "MIT",
      "peer": true
    },
    "node_modules/simple-parallax-js": {
      "version": "6.1.1",
      "resolved": "https://registry.npmjs.org/simple-parallax-js/-/simple-parallax-js-6.1.1.tgz",
      "integrity": "sha512-jTuiAi0YL4xXuzwmJvueXibc2uFOiTJrAreO2scgu3/roOA4uOatWlwNCDJ23blO2AQWqF8fQAHA+eVL9vUETw==",
      "license": "MIT",
      "peerDependencies": {
        "react": ">=17.0.0",
        "react-dom": ">=17.0.0"
      }
    },
    "node_modules/tslib": {
      "version": "2.8.1",
      "resolved": "https://registry.npmjs.org/tslib/-/tslib-2.8.1.tgz",
      "integrity": "sha512-oJFu94HQb+KVduSUQL7wnpmqnfmLsOA/nAh6b6EH0wCEoK0/mPeXU6c3wKDV83MkOuHPRHtSXKKU99IBazS/2w==",
      "license": "0BSD"
    }
  }
}
